
Microsoft Visual Studio Solution File, Format Version 12.00
# Visual Studio Version 16
VisualStudioVersion = 16.0.31613.86
MinimumVisualStudioVersion = 10.0.40219.1
Project("{FAE04EC0-301F-11D3-BF4B-00C04F79EFBC}") = "TotemSigloXXI", "TotemSigloXXI\TotemSigloXXI.csproj", "{9DAE3763-A3E8-4ECA-B107-7881FF4FC95A}"
EndProject
Project("{FAE04EC0-301F-11D3-BF4B-00C04F79EFBC}") = "Controlador", "Controlador\Controlador.csproj", "{94451DB5-31C9-471C-913E-7519DCAE5D87}"
EndProject
Project("{FAE04EC0-301F-11D3-BF4B-00C04F79EFBC}") = "Modelo", "Modelo\Modelo.csproj", "{780FC9DA-90BF-49A4-8185-D8D5BE0DC8AB}"
EndProject
Global
	GlobalSection(SolutionConfigurationPlatforms) = preSolution
		Debug|Any CPU = Debug|Any CPU
		Release|Any CPU = Release|Any CPU
	EndGlobalSection
	GlobalSection(ProjectConfigurationPlatforms) = postSolution
		{9DAE3763-A3E8-4ECA-B107-7881FF4FC95A}.Debug|Any CPU.ActiveCfg = Debug|Any CPU
		{9DAE3763-A3E8-4ECA-B107-7881FF4FC95A}.Debug|Any CPU.Build.0 = Debug|Any CPU
		{9DAE3763-A3E8-4ECA-B107-7881FF4FC95A}.Release|Any CPU.ActiveCfg = Release|Any CPU
		{9DAE3763-A3E8-4ECA-B107-7881FF4FC95A}.Release|Any CPU.Build.0 = Release|Any CPU
		{94451DB5-31C9-471C-913E-7519DCAE5D87}.Debug|Any CPU.ActiveCfg = Debug|Any CPU
		{94451DB5-31C9-471C-913E-7519DCAE5D87}.Debug|Any CPU.Build.0 = Debug|Any CPU
		{94451DB5-31C9-471C-913E-7519DCAE5D87}.Release|Any CPU.ActiveCfg = Release|Any CPU
		{94451DB5-31C9-471C-913E-7519DCAE5D87}.Release|Any CPU.Build.0 = Release|Any CPU
		{780FC9DA-90BF-49A4-8185-D8D5BE0DC8AB}.Debug|Any CPU.ActiveCfg = Debug|Any CPU
		{780FC9DA-90BF-49A4-8185-D8D5BE0DC8AB}.Debug|Any CPU.Build.0 = Debug|Any CPU
		{780FC9DA-90BF-49A4-8185-D8D5BE0DC8AB}.Release|Any CPU.ActiveCfg = Release|Any CPU
		{780FC9DA-90BF-49A4-8185-D8D5BE0DC8AB}.Release|Any CPU.Build.0 = Release|Any CPU
	EndGlobalSection
	GlobalSection(SolutionProperties) = preSolution
		HideSolutionNode = FALSE
	EndGlobalSection
	GlobalSection(ExtensibilityGlobals) = postSolution
		SolutionGuid = {813185CB-4767-4CFB-9499-323B2B7AD798}
	EndGlobalSection
EndGlobal
